// !$*UTF8*$!
{
	archiveVersion = 1;
	classes = {
	};
	objectVersion = 46;
	objects = {

/* Begin PBXBuildFile section */
		7FA017271B328C9600FAFA2F /* main.m in Sources */ = {isa = PBXBuildFile; fileRef = 7FA017261B328C9600FAFA2F /* main.m */; };
		7FA0172A1B328C9600FAFA2F /* AppDelegate.m in Sources */ = {isa = PBXBuildFile; fileRef = 7FA017291B328C9600FAFA2F /* AppDelegate.m */; };
		7FA0172D1B328C9600FAFA2F /* AgenteSeguros.xcdatamodeld in Sources */ = {isa = PBXBuildFile; fileRef = 7FA0172B1B328C9600FAFA2F /* AgenteSeguros.xcdatamodeld */; };
		7FA017301B328C9600FAFA2F /* ViewController.m in Sources */ = {isa = PBXBuildFile; fileRef = 7FA0172F1B328C9600FAFA2F /* ViewController.m */; };
		7FA017331B328C9600FAFA2F /* Main.storyboard in Resources */ = {isa = PBXBuildFile; fileRef = 7FA017311B328C9600FAFA2F /* Main.storyboard */; };
		7FA017351B328C9600FAFA2F /* Images.xcassets in Resources */ = {isa = PBXBuildFile; fileRef = 7FA017341B328C9600FAFA2F /* Images.xcassets */; };
		7FA017381B328C9600FAFA2F /* LaunchScreen.xib in Resources */ = {isa = PBXBuildFile; fileRef = 7FA017361B328C9600FAFA2F /* LaunchScreen.xib */; };
		7FA017441B328C9700FAFA2F /* AgenteSegurosTests.m in Sources */ = {isa = PBXBuildFile; fileRef = 7FA017431B328C9700FAFA2F /* AgenteSegurosTests.m */; };
		7FA0175A1B352E5C00FAFA2F /* RotationNavigationController.m in Sources */ = {isa = PBXBuildFile; fileRef = 7FA017591B352E5C00FAFA2F /* RotationNavigationController.m */; };
		7FA0175D1B3531F200FAFA2F /* HKMenuView.m in Sources */ = {isa = PBXBuildFile; fileRef = 7FA0175C1B3531F200FAFA2F /* HKMenuView.m */; };
		7FA017601B3535AC00FAFA2F /* cloud@2x.png in Resources */ = {isa = PBXBuildFile; fileRef = 7FA0175F1B3535AC00FAFA2F /* cloud@2x.png */; };
		7FA017671B35394E00FAFA2F /* call-ico@2x.png in Resources */ = {isa = PBXBuildFile; fileRef = 7FA017611B35394E00FAFA2F /* call-ico@2x.png */; };
		7FA017681B35394E00FAFA2F /* camera-ico@2x.png in Resources */ = {isa = PBXBuildFile; fileRef = 7FA017621B35394E00FAFA2F /* camera-ico@2x.png */; };
		7FA017691B35394E00FAFA2F /* contacts-ico@2x.png in Resources */ = {isa = PBXBuildFile; fileRef = 7FA017631B35394E00FAFA2F /* contacts-ico@2x.png */; };
		7FA0176A1B35394E00FAFA2F /* mail@2x.png in Resources */ = {isa = PBXBuildFile; fileRef = 7FA017641B35394E00FAFA2F /* mail@2x.png */; };
		7FA0176B1B35394E00FAFA2F /* settings-ico@2x.png in Resources */ = {isa = PBXBuildFile; fileRef = 7FA017651B35394E00FAFA2F /* settings-ico@2x.png */; };
		7FA0176C1B35394E00FAFA2F /* weather-ico@2x.png in Resources */ = {isa = PBXBuildFile; fileRef = 7FA017661B35394E00FAFA2F /* weather-ico@2x.png */; };
		E144547382B7BC5059061B29 /* libPods.a in Frameworks */ = {isa = PBXBuildFile; fileRef = 5ADABA7D6A69D5E290D803C7 /* libPods.a */; };
/* End PBXBuildFile section */

/* Begin PBXContainerItemProxy section */
		7FA0173E1B328C9700FAFA2F /* PBXContainerItemProxy */ = {
			isa = PBXContainerItemProxy;
			containerPortal = 7FA017191B328C9600FAFA2F /* Project object */;
			proxyType = 1;
			remoteGlobalIDString = 7FA017201B328C9600FAFA2F;
			remoteInfo = AgenteSeguros;
		};
/* End PBXContainerItemProxy section */

/* Begin PBXFileReference section */
		5ADABA7D6A69D5E290D803C7 /* libPods.a */ = {isa = PBXFileReference; explicitFileType = archive.ar; includeInIndex = 0; path = libPods.a; sourceTree = BUILT_PRODUCTS_DIR; };
		5C16AFD144B35ADC82117E9B /* Pods.debug.xcconfig */ = {isa = PBXFileReference; includeInIndex = 1; lastKnownFileType = text.xcconfig; name = Pods.debug.xcconfig; path = "Pods/Target Support Files/Pods/Pods.debug.xcconfig"; sourceTree = "<group>"; };
		7FA017211B328C9600FAFA2F /* AgenteSeguros.app */ = {isa = PBXFileReference; explicitFileType = wrapper.application; includeInIndex = 0; path = AgenteSeguros.app; sourceTree = BUILT_PRODUCTS_DIR; };
		7FA017251B328C9600FAFA2F /* Info.plist */ = {isa = PBXFileReference; lastKnownFileType = text.plist.xml; path = Info.plist; sourceTree = "<group>"; };
		7FA017261B328C9600FAFA2F /* main.m */ = {isa = PBXFileReference; lastKnownFileType = sourcecode.c.objc; path = main.m; sourceTree = "<group>"; };
		7FA017281B328C9600FAFA2F /* AppDelegate.h */ = {isa = PBXFileReference; lastKnownFileType = sourcecode.c.h; path = AppDelegate.h; sourceTree = "<group>"; };
		7FA017291B328C9600FAFA2F /* AppDelegate.m */ = {isa = PBXFileReference; lastKnownFileType = sourcecode.c.objc; path = AppDelegate.m; sourceTree = "<group>"; };
		7FA0172C1B328C9600FAFA2F /* AgenteSeguros.xcdatamodel */ = {isa = PBXFileReference; lastKnownFileType = wrapper.xcdatamodel; path = AgenteSeguros.xcdatamodel; sourceTree = "<group>"; };
		7FA0172E1B328C9600FAFA2F /* ViewController.h */ = {isa = PBXFileReference; lastKnownFileType = sourcecode.c.h; path = ViewController.h; sourceTree = "<group>"; };
		7FA0172F1B328C9600FAFA2F /* ViewController.m */ = {isa = PBXFileReference; lastKnownFileType = sourcecode.c.objc; path = ViewController.m; sourceTree = "<group>"; };
		7FA017321B328C9600FAFA2F /* Base */ = {isa = PBXFileReference; lastKnownFileType = file.storyboard; name = Base; path = Base.lproj/Main.storyboard; sourceTree = "<group>"; };
		7FA017341B328C9600FAFA2F /* Images.xcassets */ = {isa = PBXFileReference; lastKnownFileType = folder.assetcatalog; path = Images.xcassets; sourceTree = "<group>"; };
		7FA017371B328C9600FAFA2F /* Base */ = {isa = PBXFileReference; lastKnownFileType = file.xib; name = Base; path = Base.lproj/LaunchScreen.xib; sourceTree = "<group>"; };
		7FA0173D1B328C9700FAFA2F /* AgenteSegurosTests.xctest */ = {isa = PBXFileReference; explicitFileType = wrapper.cfbundle; includeInIndex = 0; path = AgenteSegurosTests.xctest; sourceTree = BUILT_PRODUCTS_DIR; };
		7FA017421B328C9700FAFA2F /* Info.plist */ = {isa = PBXFileReference; lastKnownFileType = text.plist.xml; path = Info.plist; sourceTree = "<group>"; };
		7FA017431B328C9700FAFA2F /* AgenteSegurosTests.m */ = {isa = PBXFileReference; lastKnownFileType = sourcecode.c.objc; path = AgenteSegurosTests.m; sourceTree = "<group>"; };
		7FA017581B352E5C00FAFA2F /* RotationNavigationController.h */ = {isa = PBXFileReference; fileEncoding = 4; lastKnownFileType = sourcecode.c.h; path = RotationNavigationController.h; sourceTree = "<group>"; };
		7FA017591B352E5C00FAFA2F /* RotationNavigationController.m */ = {isa = PBXFileReference; fileEncoding = 4; lastKnownFileType = sourcecode.c.objc; path = RotationNavigationController.m; sourceTree = "<group>"; };
		7FA0175B1B3531F200FAFA2F /* HKMenuView.h */ = {isa = PBXFileReference; fileEncoding = 4; lastKnownFileType = sourcecode.c.h; path = HKMenuView.h; sourceTree = "<group>"; };
		7FA0175C1B3531F200FAFA2F /* HKMenuView.m */ = {isa = PBXFileReference; fileEncoding = 4; lastKnownFileType = sourcecode.c.objc; path = HKMenuView.m; sourceTree = "<group>"; };
		7FA0175F1B3535AC00FAFA2F /* cloud@2x.png */ = {isa = PBXFileReference; lastKnownFileType = image.png; path = "cloud@2x.png"; sourceTree = "<group>"; };
		7FA017611B35394E00FAFA2F /* call-ico@2x.png */ = {isa = PBXFileReference; lastKnownFileType = image.png; path = "call-ico@2x.png"; sourceTree = "<group>"; };
		7FA017621B35394E00FAFA2F /* camera-ico@2x.png */ = {isa = PBXFileReference; lastKnownFileType = image.png; path = "camera-ico@2x.png"; sourceTree = "<group>"; };
		7FA017631B35394E00FAFA2F /* contacts-ico@2x.png */ = {isa = PBXFileReference; lastKnownFileType = image.png; path = "contacts-ico@2x.png"; sourceTree = "<group>"; };
		7FA017641B35394E00FAFA2F /* mail@2x.png */ = {isa = PBXFileReference; lastKnownFileType = image.png; path = "mail@2x.png"; sourceTree = "<group>"; };
		7FA017651B35394E00FAFA2F /* settings-ico@2x.png */ = {isa = PBXFileReference; lastKnownFileType = image.png; path = "settings-ico@2x.png"; sourceTree = "<group>"; };
		7FA017661B35394E00FAFA2F /* weather-ico@2x.png */ = {isa = PBXFileReference; lastKnownFileType = image.png; path = "weather-ico@2x.png"; sourceTree = "<group>"; };
		D717C9D5AB90A31FB0F33397 /* Pods.release.xcconfig */ = {isa = PBXFileReference; includeInIndex = 1; lastKnownFileType = text.xcconfig; name = Pods.release.xcconfig; path = "Pods/Target Support Files/Pods/Pods.release.xcconfig"; sourceTree = "<group>"; };
/* End PBXFileReference section */

/* Begin PBXFrameworksBuildPhase section */
		7FA0171E1B328C9600FAFA2F /* Frameworks */ = {
			isa = PBXFrameworksBuildPhase;
			buildActionMask = 2147483647;
			files = (
				E144547382B7BC5059061B29 /* libPods.a in Frameworks */,
			);
			runOnlyForDeploymentPostprocessing = 0;
		};
		7FA0173A1B328C9700FAFA2F /* Frameworks */ = {
			isa = PBXFrameworksBuildPhase;
			buildActionMask = 2147483647;
			files = (
			);
			runOnlyForDeploymentPostprocessing = 0;
		};
/* End PBXFrameworksBuildPhase section */

/* Begin PBXGroup section */
		1FCAD150259D0C6A6D5B866B /* Pods */ = {
			isa = PBXGroup;
			children = (
				5C16AFD144B35ADC82117E9B /* Pods.debug.xcconfig */,
				D717C9D5AB90A31FB0F33397 /* Pods.release.xcconfig */,
			);
			name = Pods;
			sourceTree = "<group>";
		};
		7FA017181B328C9600FAFA2F = {
			isa = PBXGroup;
			children = (
				7FA017231B328C9600FAFA2F /* AgenteSeguros */,
				7FA017401B328C9700FAFA2F /* AgenteSegurosTests */,
				7FA017221B328C9600FAFA2F /* Products */,
				1FCAD150259D0C6A6D5B866B /* Pods */,
				FEBC9DC1790DCEB9DDA188BA /* Frameworks */,
			);
			sourceTree = "<group>";
		};
		7FA017221B328C9600FAFA2F /* Products */ = {
			isa = PBXGroup;
			children = (
				7FA017211B328C9600FAFA2F /* AgenteSeguros.app */,
				7FA0173D1B328C9700FAFA2F /* AgenteSegurosTests.xctest */,
			);
			name = Products;
			sourceTree = "<group>";
		};
		7FA017231B328C9600FAFA2F /* AgenteSeguros */ = {
			isa = PBXGroup;
			children = (
				7FA0175E1B35359F00FAFA2F /* Resources */,
				7FA017571B352DEB00FAFA2F /* Navigation */,
				7FA017281B328C9600FAFA2F /* AppDelegate.h */,
				7FA017291B328C9600FAFA2F /* AppDelegate.m */,
				7FA0172E1B328C9600FAFA2F /* ViewController.h */,
				7FA0172F1B328C9600FAFA2F /* ViewController.m */,
				7FA017311B328C9600FAFA2F /* Main.storyboard */,
				7FA017341B328C9600FAFA2F /* Images.xcassets */,
				7FA017361B328C9600FAFA2F /* LaunchScreen.xib */,
				7FA0172B1B328C9600FAFA2F /* AgenteSeguros.xcdatamodeld */,
				7FA017241B328C9600FAFA2F /* Supporting Files */,
			);
			path = AgenteSeguros;
			sourceTree = "<group>";
		};
		7FA017241B328C9600FAFA2F /* Supporting Files */ = {
			isa = PBXGroup;
			children = (
				7FA017251B328C9600FAFA2F /* Info.plist */,
				7FA017261B328C9600FAFA2F /* main.m */,
			);
			name = "Supporting Files";
			sourceTree = "<group>";
		};
		7FA017401B328C9700FAFA2F /* AgenteSegurosTests */ = {
			isa = PBXGroup;
			children = (
				7FA017431B328C9700FAFA2F /* AgenteSegurosTests.m */,
				7FA017411B328C9700FAFA2F /* Supporting Files */,
			);
			path = AgenteSegurosTests;
			sourceTree = "<group>";
		};
		7FA017411B328C9700FAFA2F /* Supporting Files */ = {
			isa = PBXGroup;
			children = (
				7FA017421B328C9700FAFA2F /* Info.plist */,
			);
			name = "Supporting Files";
			sourceTree = "<group>";
		};
		7FA017571B352DEB00FAFA2F /* Navigation */ = {
			isa = PBXGroup;
			children = (
				7FA0175B1B3531F200FAFA2F /* HKMenuView.h */,
				7FA0175C1B3531F200FAFA2F /* HKMenuView.m */,
				7FA017581B352E5C00FAFA2F /* RotationNavigationController.h */,
				7FA017591B352E5C00FAFA2F /* RotationNavigationController.m */,
			);
			name = Navigation;
			sourceTree = "<group>";
		};
		7FA0175E1B35359F00FAFA2F /* Resources */ = {
			isa = PBXGroup;
			children = (
				7FA017611B35394E00FAFA2F /* call-ico@2x.png */,
				7FA017621B35394E00FAFA2F /* camera-ico@2x.png */,
				7FA017631B35394E00FAFA2F /* contacts-ico@2x.png */,
				7FA017641B35394E00FAFA2F /* mail@2x.png */,
				7FA017651B35394E00FAFA2F /* settings-ico@2x.png */,
				7FA017661B35394E00FAFA2F /* weather-ico@2x.png */,
				7FA0175F1B3535AC00FAFA2F /* cloud@2x.png */,
			);
			name = Resources;
			sourceTree = "<group>";
		};
		FEBC9DC1790DCEB9DDA188BA /* Frameworks */ = {
			isa = PBXGroup;
			children = (
				5ADABA7D6A69D5E290D803C7 /* libPods.a */,
			);
			name = Frameworks;
			sourceTree = "<group>";
		};
/* End PBXGroup section */

/* Begin PBXNativeTarget section */
		7FA017201B328C9600FAFA2F /* AgenteSeguros */ = {
			isa = PBXNativeTarget;
			buildConfigurationList = 7FA017471B328C9700FAFA2F /* Build configuration list for PBXNativeTarget "AgenteSeguros" */;
			buildPhases = (
				33E98FE0B57C753E09DA3412 /* Check Pods Manifest.lock */,
				7FA0171D1B328C9600FAFA2F /* Sources */,
				7FA0171E1B328C9600FAFA2F /* Frameworks */,
				7FA0171F1B328C9600FAFA2F /* Resources */,
				7781814B010D3CAD6C1B6FD7 /* Copy Pods Resources */,
			);
			buildRules = (
			);
			dependencies = (
			);
			name = AgenteSeguros;
			productName = AgenteSeguros;
			productReference = 7FA017211B328C9600FAFA2F /* AgenteSeguros.app */;
			productType = "com.apple.product-type.application";
		};
		7FA0173C1B328C9700FAFA2F /* AgenteSegurosTests */ = {
			isa = PBXNativeTarget;
			buildConfigurationList = 7FA0174A1B328C9700FAFA2F /* Build configuration list for PBXNativeTarget "AgenteSegurosTests" */;
			buildPhases = (
				7FA017391B328C9700FAFA2F /* Sources */,
				7FA0173A1B328C9700FAFA2F /* Frameworks */,
				7FA0173B1B328C9700FAFA2F /* Resources */,
			);
			buildRules = (
			);
			dependencies = (
				7FA0173F1B328C9700FAFA2F /* PBXTargetDependency */,
			);
			name = AgenteSegurosTests;
			productName = AgenteSegurosTests;
			productReference = 7FA0173D1B328C9700FAFA2F /* AgenteSegurosTests.xctest */;
			productType = "com.apple.product-type.bundle.unit-test";
		};
/* End PBXNativeTarget section */

/* Begin PBXProject section */
		7FA017191B328C9600FAFA2F /* Project object */ = {
			isa = PBXProject;
			attributes = {
				LastUpgradeCheck = 0630;
				TargetAttributes = {
					7FA017201B328C9600FAFA2F = {
						CreatedOnToolsVersion = 6.3.2;
					};
					7FA0173C1B328C9700FAFA2F = {
						CreatedOnToolsVersion = 6.3.2;
						TestTargetID = 7FA017201B328C9600FAFA2F;
					};
				};
			};
			buildConfigurationList = 7FA0171C1B328C9600FAFA2F /* Build configuration list for PBXProject "AgenteSeguros" */;
			compatibilityVersion = "Xcode 3.2";
			developmentRegion = English;
			hasScannedForEncodings = 0;
			knownRegions = (
				en,
				Base,
			);
			mainGroup = 7FA017181B328C9600FAFA2F;
			productRefGroup = 7FA017221B328C9600FAFA2F /* Products */;
			projectDirPath = "";
			projectRoot = "";
			targets = (
				7FA017201B328C9600FAFA2F /* AgenteSeguros */,
				7FA0173C1B328C9700FAFA2F /* AgenteSegurosTests */,
			);
		};
/* End PBXProject section */

/* Begin PBXResourcesBuildPhase section */
		7FA0171F1B328C9600FAFA2F /* Resources */ = {
			isa = PBXResourcesBuildPhase;
			buildActionMask = 2147483647;
			files = (
				7FA017601B3535AC00FAFA2F /* cloud@2x.png in Resources */,
				7FA017331B328C9600FAFA2F /* Main.storyboard in Resources */,
				7FA017671B35394E00FAFA2F /* call-ico@2x.png in Resources */,
				7FA0176A1B35394E00FAFA2F /* mail@2x.png in Resources */,
				7FA017681B35394E00FAFA2F /* camera-ico@2x.png in Resources */,
				7FA0176B1B35394E00FAFA2F /* settings-ico@2x.png in Resources */,
				7FA017691B35394E00FAFA2F /* contacts-ico@2x.png in Resources */,
				7FA0176C1B35394E00FAFA2F /* weather-ico@2x.png in Resources */,
				7FA017381B328C9600FAFA2F /* LaunchScreen.xib in Resources */,
				7FA017351B328C9600FAFA2F /* Images.xcassets in Resources */,
			);
			runOnlyForDeploymentPostprocessing = 0;
		};
		7FA0173B1B328C9700FAFA2F /* Resources */ = {
			isa = PBXResourcesBuildPhase;
			buildActionMask = 2147483647;
			files = (
			);
			runOnlyForDeploymentPostprocessing = 0;
		};
/* End PBXResourcesBuildPhase section */

/* Begin PBXShellScriptBuildPhase section */
		33E98FE0B57C753E09DA3412 /* Check Pods Manifest.lock */ = {
			isa = PBXShellScriptBuildPhase;
			buildActionMask = 2147483647;
			files = (
			);
			inputPaths = (
			);
			name = "Check Pods Manifest.lock";
			outputPaths = (
			);
			runOnlyForDeploymentPostprocessing = 0;
			shellPath = /bin/sh;
			shellScript = "diff \"${PODS_ROOT}/../Podfile.lock\" \"${PODS_ROOT}/Manifest.lock\" > /dev/null\nif [[ $? != 0 ]] ; then\n    cat << EOM\nerror: The sandbox is not in sync with the Podfile.lock. Run 'pod install' or update your CocoaPods installation.\nEOM\n    exit 1\nfi\n";
			showEnvVarsInLog = 0;
		};
		7781814B010D3CAD6C1B6FD7 /* Copy Pods Resources */ = {
			isa = PBXShellScriptBuildPhase;
			buildActionMask = 2147483647;
			files = (
			);
			inputPaths = (
			);
			name = "Copy Pods Resources";
			outputPaths = (
			);
			runOnlyForDeploymentPostprocessing = 0;
			shellPath = /bin/sh;
			shellScript = "\"${SRCROOT}/Pods/Target Support Files/Pods/Pods-resources.sh\"\n";
			showEnvVarsInLog = 0;
		};
/* End PBXShellScriptBuildPhase section */

/* Begin PBXSourcesBuildPhase section */
		7FA0171D1B328C9600FAFA2F /* Sources */ = {
			isa = PBXSourcesBuildPhase;
			buildActionMask = 2147483647;
			files = (
				7FA0172A1B328C9600FAFA2F /* AppDelegate.m in Sources */,
				7FA0172D1B328C9600FAFA2F /* AgenteSeguros.xcdatamodeld in Sources */,
				7FA0175D1B3531F200FAFA2F /* HKMenuView.m in Sources */,
				7FA0175A1B352E5C00FAFA2F /* RotationNavigationController.m in Sources */,
				7FA017301B328C9600FAFA2F /* ViewController.m in Sources */,
				7FA017271B328C9600FAFA2F /* main.m in Sources */,
			);
			runOnlyForDeploymentPostprocessing = 0;
		};
		7FA017391B328C9700FAFA2F /* Sources */ = {
			isa = PBXSourcesBuildPhase;
			buildActionMask = 2147483647;
			files = (
				7FA017441B328C9700FAFA2F /* AgenteSegurosTests.m in Sources */,
			);
			runOnlyForDeploymentPostprocessing = 0;
		};
/* End PBXSourcesBuildPhase section */

/* Begin PBXTargetDependency section */
		7FA0173F1B328C9700FAFA2F /* PBXTargetDependency */ = {
			isa = PBXTargetDependency;
			target = 7FA017201B328C9600FAFA2F /* AgenteSeguros */;
			targetProxy = 7FA0173E1B328C9700FAFA2F /* PBXContainerItemProxy */;
		};
/* End PBXTargetDependency section */

/* Begin PBXVariantGroup section */
		7FA017311B328C9600FAFA2F /* Main.storyboard */ = {
			isa = PBXVariantGroup;
			children = (
				7FA017321B328C9600FAFA2F /* Base */,
			);
			name = Main.storyboard;
			sourceTree = "<group>";
		};
		7FA017361B328C9600FAFA2F /* LaunchScreen.xib */ = {
			isa = PBXVariantGroup;
			children = (
				7FA017371B328C9600FAFA2F /* Base */,
			);
			name = LaunchScreen.xib;
			sourceTree = "<group>";
		};
/* End PBXVariantGroup section */

/* Begin XCBuildConfiguration section */
		7FA017451B328C9700FAFA2F /* Debug */ = {
			isa = XCBuildConfiguration;
			buildSettings = {
				ALWAYS_SEARCH_USER_PATHS = NO;
				CLANG_CXX_LANGUAGE_STANDARD = "gnu++0x";
				CLANG_CXX_LIBRARY = "libc++";
				CLANG_ENABLE_MODULES = YES;
				CLANG_ENABLE_OBJC_ARC = YES;
				CLANG_WARN_BOOL_CONVERSION = YES;
				CLANG_WARN_CONSTANT_CONVERSION = YES;
				CLANG_WARN_DIRECT_OBJC_ISA_USAGE = YES_ERROR;
				CLANG_WARN_EMPTY_BODY = YES;
				CLANG_WARN_ENUM_CONVERSION = YES;
				CLANG_WARN_INT_CONVERSION = YES;
				CLANG_WARN_OBJC_ROOT_CLASS = YES_ERROR;
				CLANG_WARN_UNREACHABLE_CODE = YES;
				CLANG_WARN__DUPLICATE_METHOD_MATCH = YES;
				"CODE_SIGN_IDENTITY[sdk=iphoneos*]" = "iPhone Developer";
				COPY_PHASE_STRIP = NO;
				DEBUG_INFORMATION_FORMAT = "dwarf-with-dsym";
				ENABLE_STRICT_OBJC_MSGSEND = YES;
				GCC_C_LANGUAGE_STANDARD = gnu99;
				GCC_DYNAMIC_NO_PIC = NO;
				GCC_NO_COMMON_BLOCKS = YES;
				GCC_OPTIMIZATION_LEVEL = 0;
				GCC_PREPROCESSOR_DEFINITIONS = (
					"DEBUG=1",
					"$(inherited)",
				);
				GCC_SYMBOLS_PRIVATE_EXTERN = NO;
				GCC_WARN_64_TO_32_BIT_CONVERSION = YES;
				GCC_WARN_ABOUT_RETURN_TYPE = YES_ERROR;
				GCC_WARN_UNDECLARED_SELECTOR = YES;
				GCC_WARN_UNINITIALIZED_AUTOS = YES_AGGRESSIVE;
				GCC_WARN_UNUSED_FUNCTION = YES;
				GCC_WARN_UNUSED_VARIABLE = YES;
				IPHONEOS_DEPLOYMENT_TARGET = 8.3;
				MTL_ENABLE_DEBUG_INFO = YES;
				ONLY_ACTIVE_ARCH = YES;
				SDKROOT = iphoneos;
			};
			name = Debug;
		};
		7FA017461B328C9700FAFA2F /* Release */ = {
			isa = XCBuildConfiguration;
			buildSettings = {
				ALWAYS_SEARCH_USER_PATHS = NO;
				CLANG_CXX_LANGUAGE_STANDARD = "gnu++0x";
				CLANG_CXX_LIBRARY = "libc++";
				CLANG_ENABLE_MODULES = YES;
				CLANG_ENABLE_OBJC_ARC = YES;
				CLANG_WARN_BOOL_CONVERSION = YES;
				CLANG_WARN_CONSTANT_CONVERSION = YES;
				CLANG_WARN_DIRECT_OBJC_ISA_USAGE = YES_ERROR;
				CLANG_WARN_EMPTY_BODY = YES;
				CLANG_WARN_ENUM_CONVERSION = YES;
				CLANG_WARN_INT_CONVERSION = YES;
				CLANG_WARN_OBJC_ROOT_CLASS = YES_ERROR;
				CLANG_WARN_UNREACHABLE_CODE = YES;
				CLANG_WARN__DUPLICATE_METHOD_MATCH = YES;
				"CODE_SIGN_IDENTITY[sdk=iphoneos*]" = "iPhone Developer";
				COPY_PHASE_STRIP = NO;
				DEBUG_INFORMATION_FORMAT = "dwarf-with-dsym";
				ENABLE_NS_ASSERTIONS = NO;
				ENABLE_STRICT_OBJC_MSGSEND = YES;
				GCC_C_LANGUAGE_STANDARD = gnu99;
				GCC_NO_COMMON_BLOCKS = YES;
				GCC_WARN_64_TO_32_BIT_CONVERSION = YES;
				GCC_WARN_ABOUT_RETURN_TYPE = YES_ERROR;
				GCC_WARN_UNDECLARED_SELECTOR = YES;
				GCC_WARN_UNINITIALIZED_AUTOS = YES_AGGRESSIVE;
				GCC_WARN_UNUSED_FUNCTION = YES;
				GCC_WARN_UNUSED_VARIABLE = YES;
				IPHONEOS_DEPLOYMENT_TARGET = 8.3;
				MTL_ENABLE_DEBUG_INFO = NO;
				SDKROOT = iphoneos;
				VALIDATE_PRODUCT = YES;
			};
			name = Release;
		};
		7FA017481B328C9700FAFA2F /* Debug */ = {
			isa = XCBuildConfiguration;
			baseConfigurationReference = 5C16AFD144B35ADC82117E9B /* Pods.debug.xcconfig */;
			buildSettings = {
				ASSETCATALOG_COMPILER_APPICON_NAME = AppIcon;
				INFOPLIST_FILE = AgenteSeguros/Info.plist;
				IPHONEOS_DEPLOYMENT_TARGET = 8.0;
				LD_RUNPATH_SEARCH_PATHS = "$(inherited) @executable_path/Frameworks";
				PRODUCT_NAME = "$(TARGET_NAME)";
				TARGETED_DEVICE_FAMILY = 1;
			};
			name = Debug;
		};
		7FA017491B328C9700FAFA2F /* Release */ = {
			isa = XCBuildConfiguration;
			baseConfigurationReference = D717C9D5AB90A31FB0F33397 /* Pods.release.xcconfig */;
			buildSettings = {
				ASSETCATALOG_COMPILER_APPICON_NAME = AppIcon;
				INFOPLIST_FILE = AgenteSeguros/Info.plist;
				IPHONEOS_DEPLOYMENT_TARGET = 8.0;
				LD_RUNPATH_SEARCH_PATHS = "$(inherited) @executable_path/Frameworks";
				PRODUCT_NAME = "$(TARGET_NAME)";
				TARGETED_DEVICE_FAMILY = 1;
			};
			name = Release;
		};
		7FA0174B1B328C9700FAFA2F /* Debug */ = {
			isa = XCBuildConfiguration;
			buildSettings = {
				BUNDLE_LOADER = "$(TEST_HOST)";
				FRAMEWORK_SEARCH_PATHS = (
					"$(SDKROOT)/Developer/Library/Frameworks",
					"$(inherited)",
				);
				GCC_PREPROCESSOR_DEFINITIONS = (
					"DEBUG=1",
					"$(inherited)",
				);
				INFOPLIST_FILE = AgenteSegurosTests/Info.plist;
				LD_RUNPATH_SEARCH_PATHS = "$(inherited) @executable_path/Frameworks @loader_path/Frameworks";
				PRODUCT_NAME = "$(TARGET_NAME)";
				TEST_HOST = "$(BUILT_PRODUCTS_DIR)/AgenteSeguros.app/AgenteSeguros";
			};
			name = Debug;
		};
		7FA0174C1B328C9700FAFA2F /* Release */ = {
			isa = XCBuildConfiguration;
			buildSettings = {
				BUNDLE_LOADER = "$(TEST_HOST)";
				FRAMEWORK_SEARCH_PATHS = (
					"$(SDKROOT)/Developer/Library/Frameworks",
					"$(inherited)",
				);
				INFOPLIST_FILE = AgenteSegurosTests/Info.plist;
				LD_RUNPATH_SEARCH_PATHS = "$(inherited) @executable_path/Frameworks @loader_path/Frameworks";
				PRODUCT_NAME = "$(TARGET_NAME)";
				TEST_HOST = "$(BUILT_PRODUCTS_DIR)/AgenteSeguros.app/AgenteSeguros";
			};
			name = Release;
		};
/* End XCBuildConfiguration section */

/* Begin XCConfigurationList section */
		7FA0171C1B328C9600FAFA2F /* Build configuration list for PBXProject "AgenteSeguros" */ = {
			isa = XCConfigurationList;
			buildConfigurations = (
				7FA017451B328C9700FAFA2F /* Debug */,
				7FA017461B328C9700FAFA2F /* Release */,
			);
			defaultConfigurationIsVisible = 0;
			defaultConfigurationName = Release;
		};
		7FA017471B328C9700FAFA2F /* Build configuration list for PBXNativeTarget "AgenteSeguros" */ = {
			isa = XCConfigurationList;
			buildConfigurations = (
				7FA017481B328C9700FAFA2F /* Debug */,
				7FA017491B328C9700FAFA2F /* Release */,
			);
			defaultConfigurationIsVisible = 0;
			defaultConfigurationName = Release;
		};
		7FA0174A1B328C9700FAFA2F /* Build configuration list for PBXNativeTarget "AgenteSegurosTests" */ = {
			isa = XCConfigurationList;
			buildConfigurations = (
				7FA0174B1B328C9700FAFA2F /* Debug */,
				7FA0174C1B328C9700FAFA2F /* Release */,
			);
			defaultConfigurationIsVisible = 0;
			defaultConfigurationName = Release;
		};
/* End XCConfigurationList section */

/* Begin XCVersionGroup section */
		7FA0172B1B328C9600FAFA2F /* AgenteSeguros.xcdatamodeld */ = {
			isa = XCVersionGroup;
			children = (
				7FA0172C1B328C9600FAFA2F /* AgenteSeguros.xcdatamodel */,
			);
			currentVersion = 7FA0172C1B328C9600FAFA2F /* AgenteSeguros.xcdatamodel */;
			path = AgenteSeguros.xcdatamodeld;
			sourceTree = "<group>";
			versionGroupType = wrapper.xcdatamodel;
		};
/* End XCVersionGroup section */
	};
	rootObject = 7FA017191B328C9600FAFA2F /* Project object */;
}
